// !$*UTF8*$!
{
	archiveVersion = 1;
	classes = {
	};
	objectVersion = 56;
	objects = {

/* Begin PBXBuildFile section */
		1A2671042A600AAA004D33FE /* AppDelegate.swift in Sources */ = {isa = PBXBuildFile; fileRef = 1A2671032A600AAA004D33FE /* AppDelegate.swift */; };
		1A2671062A600AAA004D33FE /* SceneDelegate.swift in Sources */ = {isa = PBXBuildFile; fileRef = 1A2671052A600AAA004D33FE /* SceneDelegate.swift */; };
		1A2671082A600AAA004D33FE /* LoginViewController.swift in Sources */ = {isa = PBXBuildFile; fileRef = 1A2671072A600AAA004D33FE /* LoginViewController.swift */; };
		1A26710B2A600AAA004D33FE /* LoginViewController.storyboard in Resources */ = {isa = PBXBuildFile; fileRef = 1A2671092A600AAA004D33FE /* LoginViewController.storyboard */; };
		1A26710D2A600AAD004D33FE /* Assets.xcassets in Resources */ = {isa = PBXBuildFile; fileRef = 1A26710C2A600AAD004D33FE /* Assets.xcassets */; };
		1A2671102A600AAD004D33FE /* LaunchScreen.storyboard in Resources */ = {isa = PBXBuildFile; fileRef = 1A26710E2A600AAD004D33FE /* LaunchScreen.storyboard */; };
		1A26711B2A600D04004D33FE /* ExploreViewController.swift in Sources */ = {isa = PBXBuildFile; fileRef = 1A26711A2A600D04004D33FE /* ExploreViewController.swift */; };
		1A26711D2A600D11004D33FE /* TabBarController.storyboard in Resources */ = {isa = PBXBuildFile; fileRef = 1A26711C2A600D11004D33FE /* TabBarController.storyboard */; };
		1A26711F2A60181C004D33FE /* Constants.swift in Sources */ = {isa = PBXBuildFile; fileRef = 1A26711E2A60181B004D33FE /* Constants.swift */; };
		1A2671222A602204004D33FE /* SavedViewController.swift in Sources */ = {isa = PBXBuildFile; fileRef = 1A2671212A602204004D33FE /* SavedViewController.swift */; };
		1A2671242A60220E004D33FE /* ProfileViewController.swift in Sources */ = {isa = PBXBuildFile; fileRef = 1A2671232A60220E004D33FE /* ProfileViewController.swift */; };
		1A48F4BC2A628BC300F8BAFE /* DetailsViewController.swift in Sources */ = {isa = PBXBuildFile; fileRef = 1A48F4BB2A628BC300F8BAFE /* DetailsViewController.swift */; };
		1AA774142A606CCE0026EC2D /* Data.swift in Sources */ = {isa = PBXBuildFile; fileRef = 1AA774132A606CCE0026EC2D /* Data.swift */; };
		1AA774162A606CEB0026EC2D /* TopTags.swift in Sources */ = {isa = PBXBuildFile; fileRef = 1AA774152A606CEB0026EC2D /* TopTags.swift */; };
		1AA774192A612B640026EC2D /* ColorCell.swift in Sources */ = {isa = PBXBuildFile; fileRef = 1AA774172A612B640026EC2D /* ColorCell.swift */; };
		1AA7741A2A612B640026EC2D /* ColorCell.xib in Resources */ = {isa = PBXBuildFile; fileRef = 1AA774182A612B640026EC2D /* ColorCell.xib */; };
		1AA774282A61CD8A0026EC2D /* WebServiceManager.swift in Sources */ = {isa = PBXBuildFile; fileRef = 1AA774272A61CD8A0026EC2D /* WebServiceManager.swift */; };
		1AA7742B2A61D17F0026EC2D /* DataService.swift in Sources */ = {isa = PBXBuildFile; fileRef = 1AA7742A2A61D17F0026EC2D /* DataService.swift */; };
		1AA7742D2A6270610026EC2D /* WebServiceManager+error.swift in Sources */ = {isa = PBXBuildFile; fileRef = 1AA7742C2A6270610026EC2D /* WebServiceManager+error.swift */; };
/* End PBXBuildFile section */

/* Begin PBXFileReference section */
		1A2671002A600AAA004D33FE /* LastFM.app */ = {isa = PBXFileReference; explicitFileType = wrapper.application; includeInIndex = 0; path = LastFM.app; sourceTree = BUILT_PRODUCTS_DIR; };
		1A2671032A600AAA004D33FE /* AppDelegate.swift */ = {isa = PBXFileReference; lastKnownFileType = sourcecode.swift; path = AppDelegate.swift; sourceTree = "<group>"; };
		1A2671052A600AAA004D33FE /* SceneDelegate.swift */ = {isa = PBXFileReference; lastKnownFileType = sourcecode.swift; path = SceneDelegate.swift; sourceTree = "<group>"; };
		1A2671072A600AAA004D33FE /* LoginViewController.swift */ = {isa = PBXFileReference; lastKnownFileType = sourcecode.swift; path = LoginViewController.swift; sourceTree = "<group>"; };
		1A26710A2A600AAA004D33FE /* Base */ = {isa = PBXFileReference; lastKnownFileType = file.storyboard; name = Base; path = Base.lproj/LoginViewController.storyboard; sourceTree = "<group>"; };
		1A26710C2A600AAD004D33FE /* Assets.xcassets */ = {isa = PBXFileReference; lastKnownFileType = folder.assetcatalog; path = Assets.xcassets; sourceTree = "<group>"; };
		1A26710F2A600AAD004D33FE /* Base */ = {isa = PBXFileReference; lastKnownFileType = file.storyboard; name = Base; path = Base.lproj/LaunchScreen.storyboard; sourceTree = "<group>"; };
		1A2671112A600AAD004D33FE /* Info.plist */ = {isa = PBXFileReference; lastKnownFileType = text.plist.xml; path = Info.plist; sourceTree = "<group>"; };
		1A26711A2A600D04004D33FE /* ExploreViewController.swift */ = {isa = PBXFileReference; lastKnownFileType = sourcecode.swift; path = ExploreViewController.swift; sourceTree = "<group>"; };
		1A26711C2A600D11004D33FE /* TabBarController.storyboard */ = {isa = PBXFileReference; lastKnownFileType = file.storyboard; path = TabBarController.storyboard; sourceTree = "<group>"; };
		1A26711E2A60181B004D33FE /* Constants.swift */ = {isa = PBXFileReference; lastKnownFileType = sourcecode.swift; path = Constants.swift; sourceTree = "<group>"; };
		1A2671212A602204004D33FE /* SavedViewController.swift */ = {isa = PBXFileReference; lastKnownFileType = sourcecode.swift; path = SavedViewController.swift; sourceTree = "<group>"; };
		1A2671232A60220E004D33FE /* ProfileViewController.swift */ = {isa = PBXFileReference; lastKnownFileType = sourcecode.swift; path = ProfileViewController.swift; sourceTree = "<group>"; };
		1A48F4BB2A628BC300F8BAFE /* DetailsViewController.swift */ = {isa = PBXFileReference; lastKnownFileType = sourcecode.swift; path = DetailsViewController.swift; sourceTree = "<group>"; };
		1AA774132A606CCE0026EC2D /* Data.swift */ = {isa = PBXFileReference; lastKnownFileType = sourcecode.swift; path = Data.swift; sourceTree = "<group>"; };
		1AA774152A606CEB0026EC2D /* TopTags.swift */ = {isa = PBXFileReference; lastKnownFileType = sourcecode.swift; path = TopTags.swift; sourceTree = "<group>"; };
		1AA774172A612B640026EC2D /* ColorCell.swift */ = {isa = PBXFileReference; lastKnownFileType = sourcecode.swift; path = ColorCell.swift; sourceTree = "<group>"; };
		1AA774182A612B640026EC2D /* ColorCell.xib */ = {isa = PBXFileReference; lastKnownFileType = file.xib; path = ColorCell.xib; sourceTree = "<group>"; };
		1AA774272A61CD8A0026EC2D /* WebServiceManager.swift */ = {isa = PBXFileReference; lastKnownFileType = sourcecode.swift; path = WebServiceManager.swift; sourceTree = "<group>"; };
		1AA7742A2A61D17F0026EC2D /* DataService.swift */ = {isa = PBXFileReference; lastKnownFileType = sourcecode.swift; path = DataService.swift; sourceTree = "<group>"; };
		1AA7742C2A6270610026EC2D /* WebServiceManager+error.swift */ = {isa = PBXFileReference; lastKnownFileType = sourcecode.swift; path = "WebServiceManager+error.swift"; sourceTree = "<group>"; };
/* End PBXFileReference section */

/* Begin PBXFrameworksBuildPhase section */
		1A2670FD2A600AAA004D33FE /* Frameworks */ = {
			isa = PBXFrameworksBuildPhase;
			buildActionMask = 2147483647;
			files = (
			);
			runOnlyForDeploymentPostprocessing = 0;
		};
/* End PBXFrameworksBuildPhase section */

/* Begin PBXGroup section */
		1A2670F72A600AAA004D33FE = {
			isa = PBXGroup;
			children = (
				1A2671022A600AAA004D33FE /* LastFM */,
				1A2671012A600AAA004D33FE /* Products */,
			);
			sourceTree = "<group>";
		};
		1A2671012A600AAA004D33FE /* Products */ = {
			isa = PBXGroup;
			children = (
				1A2671002A600AAA004D33FE /* LastFM.app */,
			);
			name = Products;
			sourceTree = "<group>";
		};
		1A2671022A600AAA004D33FE /* LastFM */ = {
			isa = PBXGroup;
			children = (
				1AA774212A6155A40026EC2D /* Domain */,
				1A2671192A600CF2004D33FE /* Home */,
				1A2671172A600B6D004D33FE /* Application */,
				1A2671182A600CBB004D33FE /* Login */,
				1A2671202A60195D004D33FE /* Infrastructure */,
				1A26710C2A600AAD004D33FE /* Assets.xcassets */,
				1A26710E2A600AAD004D33FE /* LaunchScreen.storyboard */,
				1A2671112A600AAD004D33FE /* Info.plist */,
				1AA7741B2A612BA40026EC2D /* ColorCellGroup */,
			);
			path = LastFM;
			sourceTree = "<group>";
		};
		1A2671172A600B6D004D33FE /* Application */ = {
			isa = PBXGroup;
			children = (
				1A2671032A600AAA004D33FE /* AppDelegate.swift */,
				1A2671052A600AAA004D33FE /* SceneDelegate.swift */,
			);
			path = Application;
			sourceTree = "<group>";
		};
		1A2671182A600CBB004D33FE /* Login */ = {
			isa = PBXGroup;
			children = (
				1A2671072A600AAA004D33FE /* LoginViewController.swift */,
				1A2671092A600AAA004D33FE /* LoginViewController.storyboard */,
			);
			path = Login;
			sourceTree = "<group>";
		};
		1A2671192A600CF2004D33FE /* Home */ = {
			isa = PBXGroup;
			children = (
				1A26711C2A600D11004D33FE /* TabBarController.storyboard */,
				1A26711A2A600D04004D33FE /* ExploreViewController.swift */,
				1A48F4BB2A628BC300F8BAFE /* DetailsViewController.swift */,
				1A2671212A602204004D33FE /* SavedViewController.swift */,
				1A2671232A60220E004D33FE /* ProfileViewController.swift */,
			);
			path = Home;
			sourceTree = "<group>";
		};
		1A2671202A60195D004D33FE /* Infrastructure */ = {
			isa = PBXGroup;
			children = (
				1AA774292A61D16E0026EC2D /* Services */,
				1AA7741E2A614F550026EC2D /* Networking */,
				1A26711E2A60181B004D33FE /* Constants.swift */,
			);
			path = Infrastructure;
			sourceTree = "<group>";
		};
		1AA7741B2A612BA40026EC2D /* ColorCellGroup */ = {
			isa = PBXGroup;
			children = (
				1AA774182A612B640026EC2D /* ColorCell.xib */,
				1AA774172A612B640026EC2D /* ColorCell.swift */,
			);
			path = ColorCellGroup;
			sourceTree = "<group>";
		};
		1AA7741E2A614F550026EC2D /* Networking */ = {
			isa = PBXGroup;
			children = (
				1AA774272A61CD8A0026EC2D /* WebServiceManager.swift */,
				1AA7742C2A6270610026EC2D /* WebServiceManager+error.swift */,
			);
			path = Networking;
			sourceTree = "<group>";
		};
		1AA774212A6155A40026EC2D /* Domain */ = {
			isa = PBXGroup;
			children = (
				1AA774222A6155AF0026EC2D /* Responses */,
			);
			path = Domain;
			sourceTree = "<group>";
		};
		1AA774222A6155AF0026EC2D /* Responses */ = {
			isa = PBXGroup;
			children = (
				1AA774132A606CCE0026EC2D /* Data.swift */,
				1AA774152A606CEB0026EC2D /* TopTags.swift */,
			);
			path = Responses;
			sourceTree = "<group>";
		};
		1AA774292A61D16E0026EC2D /* Services */ = {
			isa = PBXGroup;
			children = (
				1AA7742A2A61D17F0026EC2D /* DataService.swift */,
			);
			path = Services;
			sourceTree = "<group>";
		};
/* End PBXGroup section */

/* Begin PBXNativeTarget section */
		1A2670FF2A600AAA004D33FE /* LastFM */ = {
			isa = PBXNativeTarget;
			buildConfigurationList = 1A2671142A600AAD004D33FE /* Build configuration list for PBXNativeTarget "LastFM" */;
			buildPhases = (
				1A2670FC2A600AAA004D33FE /* Sources */,
				1A2670FD2A600AAA004D33FE /* Frameworks */,
				1A2670FE2A600AAA004D33FE /* Resources */,
			);
			buildRules = (
			);
			dependencies = (
			);
			name = LastFM;
			productName = LastFM;
			productReference = 1A2671002A600AAA004D33FE /* LastFM.app */;
			productType = "com.apple.product-type.application";
		};
/* End PBXNativeTarget section */

/* Begin PBXProject section */
		1A2670F82A600AAA004D33FE /* Project object */ = {
			isa = PBXProject;
			attributes = {
				BuildIndependentTargetsInParallel = 1;
				LastSwiftUpdateCheck = 1420;
				LastUpgradeCheck = 1420;
				TargetAttributes = {
					1A2670FF2A600AAA004D33FE = {
						CreatedOnToolsVersion = 14.2;
					};
				};
			};
			buildConfigurationList = 1A2670FB2A600AAA004D33FE /* Build configuration list for PBXProject "LastFM" */;
			compatibilityVersion = "Xcode 14.0";
			developmentRegion = en;
			hasScannedForEncodings = 0;
			knownRegions = (
				en,
				Base,
			);
			mainGroup = 1A2670F72A600AAA004D33FE;
			productRefGroup = 1A2671012A600AAA004D33FE /* Products */;
			projectDirPath = "";
			projectRoot = "";
			targets = (
				1A2670FF2A600AAA004D33FE /* LastFM */,
			);
		};
/* End PBXProject section */

/* Begin PBXResourcesBuildPhase section */
		1A2670FE2A600AAA004D33FE /* Resources */ = {
			isa = PBXResourcesBuildPhase;
			buildActionMask = 2147483647;
			files = (
				1A26711D2A600D11004D33FE /* TabBarController.storyboard in Resources */,
				1A2671102A600AAD004D33FE /* LaunchScreen.storyboard in Resources */,
				1A26710D2A600AAD004D33FE /* Assets.xcassets in Resources */,
				1AA7741A2A612B640026EC2D /* ColorCell.xib in Resources */,
				1A26710B2A600AAA004D33FE /* LoginViewController.storyboard in Resources */,
			);
			runOnlyForDeploymentPostprocessing = 0;
		};
/* End PBXResourcesBuildPhase section */

/* Begin PBXSourcesBuildPhase section */
		1A2670FC2A600AAA004D33FE /* Sources */ = {
			isa = PBXSourcesBuildPhase;
			buildActionMask = 2147483647;
			files = (
				1A2671222A602204004D33FE /* SavedViewController.swift in Sources */,
				1AA7742D2A6270610026EC2D /* WebServiceManager+error.swift in Sources */,
				1A26711F2A60181C004D33FE /* Constants.swift in Sources */,
				1A2671082A600AAA004D33FE /* LoginViewController.swift in Sources */,
				1AA7742B2A61D17F0026EC2D /* DataService.swift in Sources */,
				1AA774192A612B640026EC2D /* ColorCell.swift in Sources */,
				1A2671042A600AAA004D33FE /* AppDelegate.swift in Sources */,
				1AA774162A606CEB0026EC2D /* TopTags.swift in Sources */,
				1A2671242A60220E004D33FE /* ProfileViewController.swift in Sources */,
				1AA774282A61CD8A0026EC2D /* WebServiceManager.swift in Sources */,
				1A2671062A600AAA004D33FE /* SceneDelegate.swift in Sources */,
				1A48F4BC2A628BC300F8BAFE /* DetailsViewController.swift in Sources */,
				1A26711B2A600D04004D33FE /* ExploreViewController.swift in Sources */,
				1AA774142A606CCE0026EC2D /* Data.swift in Sources */,
			);
			runOnlyForDeploymentPostprocessing = 0;
		};
/* End PBXSourcesBuildPhase section */

/* Begin PBXVariantGroup section */
		1A2671092A600AAA004D33FE /* LoginViewController.storyboard */ = {
			isa = PBXVariantGroup;
			children = (
				1A26710A2A600AAA004D33FE /* Base */,
			);
			name = LoginViewController.storyboard;
			sourceTree = "<group>";
		};
		1A26710E2A600AAD004D33FE /* LaunchScreen.storyboard */ = {
			isa = PBXVariantGroup;
			children = (
				1A26710F2A600AAD004D33FE /* Base */,
			);
			name = LaunchScreen.storyboard;
			sourceTree = "<group>";
		};
/* End PBXVariantGroup section */

/* Begin XCBuildConfiguration section */
		1A2671122A600AAD004D33FE /* Debug */ = {
			isa = XCBuildConfiguration;
			buildSettings = {
				ALWAYS_SEARCH_USER_PATHS = NO;
				CLANG_ANALYZER_NONNULL = YES;
				CLANG_ANALYZER_NUMBER_OBJECT_CONVERSION = YES_AGGRESSIVE;
				CLANG_CXX_LANGUAGE_STANDARD = "gnu++20";
				CLANG_ENABLE_MODULES = YES;
				CLANG_ENABLE_OBJC_ARC = YES;
				CLANG_ENABLE_OBJC_WEAK = YES;
				CLANG_WARN_BLOCK_CAPTURE_AUTORELEASING = YES;
				CLANG_WARN_BOOL_CONVERSION = YES;
				CLANG_WARN_COMMA = YES;
				CLANG_WARN_CONSTANT_CONVERSION = YES;
				CLANG_WARN_DEPRECATED_OBJC_IMPLEMENTATIONS = YES;
				CLANG_WARN_DIRECT_OBJC_ISA_USAGE = YES_ERROR;
				CLANG_WARN_DOCUMENTATION_COMMENTS = YES;
				CLANG_WARN_EMPTY_BODY = YES;
				CLANG_WARN_ENUM_CONVERSION = YES;
				CLANG_WARN_INFINITE_RECURSION = YES;
				CLANG_WARN_INT_CONVERSION = YES;
				CLANG_WARN_NON_LITERAL_NULL_CONVERSION = YES;
				CLANG_WARN_OBJC_IMPLICIT_RETAIN_SELF = YES;
				CLANG_WARN_OBJC_LITERAL_CONVERSION = YES;
				CLANG_WARN_OBJC_ROOT_CLASS = YES_ERROR;
				CLANG_WARN_QUOTED_INCLUDE_IN_FRAMEWORK_HEADER = YES;
				CLANG_WARN_RANGE_LOOP_ANALYSIS = YES;
				CLANG_WARN_STRICT_PROTOTYPES = YES;
				CLANG_WARN_SUSPICIOUS_MOVE = YES;
				CLANG_WARN_UNGUARDED_AVAILABILITY = YES_AGGRESSIVE;
				CLANG_WARN_UNREACHABLE_CODE = YES;
				CLANG_WARN__DUPLICATE_METHOD_MATCH = YES;
				COPY_PHASE_STRIP = NO;
				DEBUG_INFORMATION_FORMAT = dwarf;
				ENABLE_STRICT_OBJC_MSGSEND = YES;
				ENABLE_TESTABILITY = YES;
				GCC_C_LANGUAGE_STANDARD = gnu11;
				GCC_DYNAMIC_NO_PIC = NO;
				GCC_NO_COMMON_BLOCKS = YES;
				GCC_OPTIMIZATION_LEVEL = 0;
				GCC_PREPROCESSOR_DEFINITIONS = (
					"DEBUG=1",
					"$(inherited)",
				);
				GCC_WARN_64_TO_32_BIT_CONVERSION = YES;
				GCC_WARN_ABOUT_RETURN_TYPE = YES_ERROR;
				GCC_WARN_UNDECLARED_SELECTOR = YES;
				GCC_WARN_UNINITIALIZED_AUTOS = YES_AGGRESSIVE;
				GCC_WARN_UNUSED_FUNCTION = YES;
				GCC_WARN_UNUSED_VARIABLE = YES;
				IPHONEOS_DEPLOYMENT_TARGET = 16.2;
				MTL_ENABLE_DEBUG_INFO = INCLUDE_SOURCE;
				MTL_FAST_MATH = YES;
				ONLY_ACTIVE_ARCH = YES;
				SDKROOT = iphoneos;
				SWIFT_ACTIVE_COMPILATION_CONDITIONS = DEBUG;
				SWIFT_OPTIMIZATION_LEVEL = "-Onone";
			};
			name = Debug;
		};
		1A2671132A600AAD004D33FE /* Release */ = {
			isa = XCBuildConfiguration;
			buildSettings = {
				ALWAYS_SEARCH_USER_PATHS = NO;
				CLANG_ANALYZER_NONNULL = YES;
				CLANG_ANALYZER_NUMBER_OBJECT_CONVERSION = YES_AGGRESSIVE;
				CLANG_CXX_LANGUAGE_STANDARD = "gnu++20";
				CLANG_ENABLE_MODULES = YES;
				CLANG_ENABLE_OBJC_ARC = YES;
				CLANG_ENABLE_OBJC_WEAK = YES;
				CLANG_WARN_BLOCK_CAPTURE_AUTORELEASING = YES;
				CLANG_WARN_BOOL_CONVERSION = YES;
				CLANG_WARN_COMMA = YES;
				CLANG_WARN_CONSTANT_CONVERSION = YES;
				CLANG_WARN_DEPRECATED_OBJC_IMPLEMENTATIONS = YES;
				CLANG_WARN_DIRECT_OBJC_ISA_USAGE = YES_ERROR;
				CLANG_WARN_DOCUMENTATION_COMMENTS = YES;
				CLANG_WARN_EMPTY_BODY = YES;
				CLANG_WARN_ENUM_CONVERSION = YES;
				CLANG_WARN_INFINITE_RECURSION = YES;
				CLANG_WARN_INT_CONVERSION = YES;
				CLANG_WARN_NON_LITERAL_NULL_CONVERSION = YES;
				CLANG_WARN_OBJC_IMPLICIT_RETAIN_SELF = YES;
				CLANG_WARN_OBJC_LITERAL_CONVERSION = YES;
				CLANG_WARN_OBJC_ROOT_CLASS = YES_ERROR;
				CLANG_WARN_QUOTED_INCLUDE_IN_FRAMEWORK_HEADER = YES;
				CLANG_WARN_RANGE_LOOP_ANALYSIS = YES;
				CLANG_WARN_STRICT_PROTOTYPES = YES;
				CLANG_WARN_SUSPICIOUS_MOVE = YES;
				CLANG_WARN_UNGUARDED_AVAILABILITY = YES_AGGRESSIVE;
				CLANG_WARN_UNREACHABLE_CODE = YES;
				CLANG_WARN__DUPLICATE_METHOD_MATCH = YES;
				COPY_PHASE_STRIP = NO;
				DEBUG_INFORMATION_FORMAT = "dwarf-with-dsym";
				ENABLE_NS_ASSERTIONS = NO;
				ENABLE_STRICT_OBJC_MSGSEND = YES;
				GCC_C_LANGUAGE_STANDARD = gnu11;
				GCC_NO_COMMON_BLOCKS = YES;
				GCC_WARN_64_TO_32_BIT_CONVERSION = YES;
				GCC_WARN_ABOUT_RETURN_TYPE = YES_ERROR;
				GCC_WARN_UNDECLARED_SELECTOR = YES;
				GCC_WARN_UNINITIALIZED_AUTOS = YES_AGGRESSIVE;
				GCC_WARN_UNUSED_FUNCTION = YES;
				GCC_WARN_UNUSED_VARIABLE = YES;
				IPHONEOS_DEPLOYMENT_TARGET = 16.2;
				MTL_ENABLE_DEBUG_INFO = NO;
				MTL_FAST_MATH = YES;
				SDKROOT = iphoneos;
				SWIFT_COMPILATION_MODE = wholemodule;
				SWIFT_OPTIMIZATION_LEVEL = "-O";
				VALIDATE_PRODUCT = YES;
			};
			name = Release;
		};
		1A2671152A600AAD004D33FE /* Debug */ = {
			isa = XCBuildConfiguration;
			buildSettings = {
				ASSETCATALOG_COMPILER_APPICON_NAME = AppIcon;
				ASSETCATALOG_COMPILER_GLOBAL_ACCENT_COLOR_NAME = AccentColor;
				CODE_SIGN_STYLE = Automatic;
				CURRENT_PROJECT_VERSION = 1;
				DEVELOPMENT_TEAM = Q2N9JMQ98Q;
				GENERATE_INFOPLIST_FILE = YES;
				INFOPLIST_FILE = LastFM/Info.plist;
				INFOPLIST_KEY_UIApplicationSupportsIndirectInputEvents = YES;
				INFOPLIST_KEY_UILaunchStoryboardName = LaunchScreen;
				INFOPLIST_KEY_UIMainStoryboardFile = "";
				INFOPLIST_KEY_UISupportedInterfaceOrientations_iPad = "UIInterfaceOrientationPortrait UIInterfaceOrientationPortraitUpsideDown UIInterfaceOrientationLandscapeLeft UIInterfaceOrientationLandscapeRight";
				INFOPLIST_KEY_UISupportedInterfaceOrientations_iPhone = "UIInterfaceOrientationPortrait UIInterfaceOrientationLandscapeLeft UIInterfaceOrientationLandscapeRight";
				LD_RUNPATH_SEARCH_PATHS = (
					"$(inherited)",
					"@executable_path/Frameworks",
				);
				MARKETING_VERSION = 1.0;
				PRODUCT_BUNDLE_IDENTIFIER = new.test.LastFM;
				PRODUCT_NAME = "$(TARGET_NAME)";
				SWIFT_EMIT_LOC_STRINGS = YES;
				SWIFT_VERSION = 5.0;
				TARGETED_DEVICE_FAMILY = "1,2";
			};
			name = Debug;
		};
		1A2671162A600AAD004D33FE /* Release */ = {
			isa = XCBuildConfiguration;
			buildSettings = {
				ASSETCATALOG_COMPILER_APPICON_NAME = AppIcon;
				ASSETCATALOG_COMPILER_GLOBAL_ACCENT_COLOR_NAME = AccentColor;
				CODE_SIGN_STYLE = Automatic;
				CURRENT_PROJECT_VERSION = 1;
				DEVELOPMENT_TEAM = Q2N9JMQ98Q;
				GENERATE_INFOPLIST_FILE = YES;
				INFOPLIST_FILE = LastFM/Info.plist;
				INFOPLIST_KEY_UIApplicationSupportsIndirectInputEvents = YES;
				INFOPLIST_KEY_UILaunchStoryboardName = LaunchScreen;
				INFOPLIST_KEY_UIMainStoryboardFile = "";
				INFOPLIST_KEY_UISupportedInterfaceOrientations_iPad = "UIInterfaceOrientationPortrait UIInterfaceOrientationPortraitUpsideDown UIInterfaceOrientationLandscapeLeft UIInterfaceOrientationLandscapeRight";
				INFOPLIST_KEY_UISupportedInterfaceOrientations_iPhone = "UIInterfaceOrientationPortrait UIInterfaceOrientationLandscapeLeft UIInterfaceOrientationLandscapeRight";
				LD_RUNPATH_SEARCH_PATHS = (
					"$(inherited)",
					"@executable_path/Frameworks",
				);
				MARKETING_VERSION = 1.0;
				PRODUCT_BUNDLE_IDENTIFIER = new.test.LastFM;
				PRODUCT_NAME = "$(TARGET_NAME)";
				SWIFT_EMIT_LOC_STRINGS = YES;
				SWIFT_VERSION = 5.0;
				TARGETED_DEVICE_FAMILY = "1,2";
			};
			name = Release;
		};
/* End XCBuildConfiguration section */

/* Begin XCConfigurationList section */
		1A2670FB2A600AAA004D33FE /* Build configuration list for PBXProject "LastFM" */ = {
			isa = XCConfigurationList;
			buildConfigurations = (
				1A2671122A600AAD004D33FE /* Debug */,
				1A2671132A600AAD004D33FE /* Release */,
			);
			defaultConfigurationIsVisible = 0;
			defaultConfigurationName = Release;
		};
		1A2671142A600AAD004D33FE /* Build configuration list for PBXNativeTarget "LastFM" */ = {
			isa = XCConfigurationList;
			buildConfigurations = (
				1A2671152A600AAD004D33FE /* Debug */,
				1A2671162A600AAD004D33FE /* Release */,
			);
			defaultConfigurationIsVisible = 0;
			defaultConfigurationName = Release;
		};
/* End XCConfigurationList section */
	};
	rootObject = 1A2670F82A600AAA004D33FE /* Project object */;
}
